{
    "name": "test-with-pluto",
    "version": "1.0.0",
    "lockfileVersion": 3,
    "requires": true,
    "packages": {
        "": {
            "name": "test-with-pluto",
            "version": "1.0.0",
            "license": "ISC",
            "dependencies": {
                "@atala/prism-wallet-sdk": "file:../../atala-prism-wallet-sdk-3.1.0.tgz",
                "@pluto-encrypted/database": "../../packages/database/",
                "@pluto-encrypted/inmemory": "../../packages/inmemory/",
                "@pluto-encrypted/leveldb": "../../packages/leveldb/",
                "fake-indexeddb": "^5.0.1",
                "prettier": "^3.0.2"
            },
            "devDependencies": {
                "@swc/core": "^1.3.100",
                "@types/node": "^20.5.6",
                "ts-node": "^10.9.1",
                "tsx": "^4.6.2",
                "typescript": "^5.2.2"
            }
        },
        "../../packages/database": {
            "name": "@pluto-encrypted/database",
            "version": "0.1.3",
            "license": "Apache-2.0",
            "dependencies": {
                "rxdb": "^14.17.0",
                "uuid": "^9.0.1"
            },
            "devDependencies": {
                "@pluto-encrypted/indexdb": "../indexdb/",
                "@pluto-encrypted/inmemory": "../inmemory/",
                "@pluto-encrypted/leveldb": "../leveldb/",
                "level": "^8.0.0"
            },
            "optionalDependencies": {
                "@pluto-encrypted/indexdb": "^0.1.0",
                "@pluto-encrypted/inmemory": "^0.1.0",
                "@pluto-encrypted/leveldb": "^0.1.1"
            },
            "peerDependencies": {
                "@atala/prism-wallet-sdk": "file:../../atala-prism-wallet-sdk-3.1.0.tgz"
            }
        },
        "../../packages/database/node_modules/uuid": {
            "version": "9.0.1",
            "funding": [
                "https://github.com/sponsors/broofa",
                "https://github.com/sponsors/ctavan"
            ],
            "license": "MIT",
            "bin": {
                "uuid": "dist/bin/uuid"
            }
        },
        "../../packages/inmemory": {
            "name": "@pluto-encrypted/inmemory",
            "version": "0.1.0",
            "license": "Apache-2.0",
            "dependencies": {
                "rxdb": "^14.17.0",
                "uuid": "^9.0.1"
            }
        },
        "../../packages/inmemory/node_modules/uuid": {
            "version": "9.0.1",
            "funding": [
                "https://github.com/sponsors/broofa",
                "https://github.com/sponsors/ctavan"
            ],
            "license": "MIT",
            "bin": {
                "uuid": "dist/bin/uuid"
            }
        },
        "../../packages/leveldb": {
            "name": "@pluto-encrypted/leveldb",
            "version": "0.1.1",
            "license": "Apache-2.0",
            "dependencies": {
                "level": "^8.0.0",
                "module-error": "^1.0.2",
                "rxdb": "^14.17.0",
                "uuid": "^9.0.1"
            }
        },
        "../../packages/leveldb/node_modules/uuid": {
            "version": "9.0.1",
            "funding": [
                "https://github.com/sponsors/broofa",
                "https://github.com/sponsors/ctavan"
            ],
            "license": "MIT",
            "bin": {
                "uuid": "dist/bin/uuid"
            }
        },
        "node_modules/@atala/apollo": {
            "version": "1.2.2",
            "dependencies": {
                "@noble/curves": "1.2.0",
                "@noble/hashes": "1.3.1",
                "@stablelib/x25519": "1.0.3",
                "@types/elliptic": "6.4.14",
                "buffer": "6.0.3",
                "elliptic": "6.5.4",
                "hash.js": "1.1.7",
                "stream-browserify": "3.0.0"
            }
        },
        "node_modules/@atala/prism-wallet-sdk": {
            "version": "3.1.0",
            "resolved": "file:../../atala-prism-wallet-sdk-3.1.0.tgz",
            "integrity": "sha512-kv3yQF9qGfmh0HspYxHaYf7SBhoIPfantPGzdSwlOcDVROHACcGwX3QsaRO9/E4o3uvq4jf+STQmKLEzIs1UWQ==",
            "license": "Apache-2.0",
            "dependencies": {
                "@atala/apollo": "^1.1.1",
                "@scure/bip32": "^1.3.0",
                "@scure/bip39": "^1.1.1",
                "@stablelib/base64": "^1.0.1",
                "@stablelib/sha256": "^1.0.1",
                "@stablelib/uuid": "^1.0.2",
                "@stablelib/wipe": "^1.0.1",
                "@stablelib/x25519": "^1.0.3",
                "antlr4ts": "^0.5.0-alpha.4",
                "assert": "^2.0.0",
                "axios": "^1.6.1",
                "bn.js": "^5.2.1",
                "buffer": "^6.0.3",
                "did-jwt": "^6.11.5",
                "did-resolver": "^4.1.0",
                "elliptic": "^6.5.4",
                "google-protobuf": "^3.21.2",
                "hash.js": "1.1.7",
                "jose": "^4.12.2",
                "jsonwebtoken": "^9.0.0",
                "multiformats": "^9.9.0",
                "text-encoding": "^0.7.0",
                "util": "^0.12.5",
                "uuid": "^9.0.0"
            },
            "peerDependenciesMeta": {
                "react-native-sqlite-storage": {
                    "optional": true
                }
            }
        },
        "node_modules/@cspotcode/source-map-support": {
            "version": "0.8.1",
            "dev": true,
            "license": "MIT",
            "dependencies": {
                "@jridgewell/trace-mapping": "0.3.9"
            },
            "engines": {
                "node": ">=12"
            }
        },
        "node_modules/@esbuild/darwin-arm64": {
            "version": "0.18.20",
            "cpu": [
                "arm64"
            ],
            "dev": true,
            "license": "MIT",
            "optional": true,
            "os": [
                "darwin"
            ],
            "engines": {
                "node": ">=12"
            }
        },
        "node_modules/@jridgewell/resolve-uri": {
            "version": "3.1.1",
            "dev": true,
            "license": "MIT",
            "engines": {
                "node": ">=6.0.0"
            }
        },
        "node_modules/@jridgewell/sourcemap-codec": {
            "version": "1.4.15",
            "dev": true,
            "license": "MIT"
        },
        "node_modules/@jridgewell/trace-mapping": {
            "version": "0.3.9",
            "dev": true,
            "license": "MIT",
            "dependencies": {
                "@jridgewell/resolve-uri": "^3.0.3",
                "@jridgewell/sourcemap-codec": "^1.4.10"
            }
        },
        "node_modules/@noble/curves": {
            "version": "1.2.0",
            "license": "MIT",
            "dependencies": {
                "@noble/hashes": "1.3.2"
            },
            "funding": {
                "url": "https://paulmillr.com/funding/"
            }
        },
        "node_modules/@noble/curves/node_modules/@noble/hashes": {
            "version": "1.3.2",
            "license": "MIT",
            "engines": {
                "node": ">= 16"
            },
            "funding": {
                "url": "https://paulmillr.com/funding/"
            }
        },
        "node_modules/@noble/hashes": {
            "version": "1.3.1",
            "license": "MIT",
            "engines": {
                "node": ">= 16"
            },
            "funding": {
                "url": "https://paulmillr.com/funding/"
            }
        },
        "node_modules/@pluto-encrypted/database": {
            "resolved": "../../packages/database",
            "link": true
        },
        "node_modules/@pluto-encrypted/inmemory": {
            "resolved": "../../packages/inmemory",
            "link": true
        },
        "node_modules/@pluto-encrypted/leveldb": {
            "resolved": "../../packages/leveldb",
            "link": true
        },
        "node_modules/@scure/base": {
            "version": "1.1.3",
            "license": "MIT",
            "funding": {
                "url": "https://paulmillr.com/funding/"
            }
        },
        "node_modules/@scure/bip32": {
            "version": "1.3.2",
            "license": "MIT",
            "dependencies": {
                "@noble/curves": "~1.2.0",
                "@noble/hashes": "~1.3.2",
                "@scure/base": "~1.1.2"
            },
            "funding": {
                "url": "https://paulmillr.com/funding/"
            }
        },
        "node_modules/@scure/bip32/node_modules/@noble/hashes": {
            "version": "1.3.2",
            "license": "MIT",
            "engines": {
                "node": ">= 16"
            },
            "funding": {
                "url": "https://paulmillr.com/funding/"
            }
        },
        "node_modules/@scure/bip39": {
            "version": "1.2.1",
            "license": "MIT",
            "dependencies": {
                "@noble/hashes": "~1.3.0",
                "@scure/base": "~1.1.0"
            },
            "funding": {
                "url": "https://paulmillr.com/funding/"
            }
        },
        "node_modules/@stablelib/aead": {
            "version": "1.0.1",
            "license": "MIT"
        },
        "node_modules/@stablelib/base64": {
            "version": "1.0.1",
            "license": "MIT"
        },
        "node_modules/@stablelib/binary": {
            "version": "1.0.1",
            "license": "MIT",
            "dependencies": {
                "@stablelib/int": "^1.0.1"
            }
        },
        "node_modules/@stablelib/bytes": {
            "version": "1.0.1",
            "license": "MIT"
        },
        "node_modules/@stablelib/chacha": {
            "version": "1.0.1",
            "license": "MIT",
            "dependencies": {
                "@stablelib/binary": "^1.0.1",
                "@stablelib/wipe": "^1.0.1"
            }
        },
        "node_modules/@stablelib/chacha20poly1305": {
            "version": "1.0.1",
            "license": "MIT",
            "dependencies": {
                "@stablelib/aead": "^1.0.1",
                "@stablelib/binary": "^1.0.1",
                "@stablelib/chacha": "^1.0.1",
                "@stablelib/constant-time": "^1.0.1",
                "@stablelib/poly1305": "^1.0.1",
                "@stablelib/wipe": "^1.0.1"
            }
        },
        "node_modules/@stablelib/constant-time": {
            "version": "1.0.1",
            "license": "MIT"
        },
        "node_modules/@stablelib/ed25519": {
            "version": "1.0.3",
            "license": "MIT",
            "dependencies": {
                "@stablelib/random": "^1.0.2",
                "@stablelib/sha512": "^1.0.1",
                "@stablelib/wipe": "^1.0.1"
            }
        },
        "node_modules/@stablelib/hash": {
            "version": "1.0.1",
            "license": "MIT"
        },
        "node_modules/@stablelib/hex": {
            "version": "1.0.1",
            "license": "MIT"
        },
        "node_modules/@stablelib/int": {
            "version": "1.0.1",
            "license": "MIT"
        },
        "node_modules/@stablelib/keyagreement": {
            "version": "1.0.1",
            "license": "MIT",
            "dependencies": {
                "@stablelib/bytes": "^1.0.1"
            }
        },
        "node_modules/@stablelib/poly1305": {
            "version": "1.0.1",
            "license": "MIT",
            "dependencies": {
                "@stablelib/constant-time": "^1.0.1",
                "@stablelib/wipe": "^1.0.1"
            }
        },
        "node_modules/@stablelib/random": {
            "version": "1.0.2",
            "license": "MIT",
            "dependencies": {
                "@stablelib/binary": "^1.0.1",
                "@stablelib/wipe": "^1.0.1"
            }
        },
        "node_modules/@stablelib/sha256": {
            "version": "1.0.1",
            "license": "MIT",
            "dependencies": {
                "@stablelib/binary": "^1.0.1",
                "@stablelib/hash": "^1.0.1",
                "@stablelib/wipe": "^1.0.1"
            }
        },
        "node_modules/@stablelib/sha512": {
            "version": "1.0.1",
            "license": "MIT",
            "dependencies": {
                "@stablelib/binary": "^1.0.1",
                "@stablelib/hash": "^1.0.1",
                "@stablelib/wipe": "^1.0.1"
            }
        },
        "node_modules/@stablelib/uuid": {
            "version": "1.0.2",
            "license": "MIT",
            "dependencies": {
                "@stablelib/hex": "^1.0.1",
                "@stablelib/random": "^1.0.2",
                "@stablelib/wipe": "^1.0.1"
            }
        },
        "node_modules/@stablelib/wipe": {
            "version": "1.0.1",
            "license": "MIT"
        },
        "node_modules/@stablelib/x25519": {
            "version": "1.0.3",
            "license": "MIT",
            "dependencies": {
                "@stablelib/keyagreement": "^1.0.1",
                "@stablelib/random": "^1.0.2",
                "@stablelib/wipe": "^1.0.1"
            }
        },
        "node_modules/@stablelib/xchacha20": {
            "version": "1.0.1",
            "license": "MIT",
            "dependencies": {
                "@stablelib/binary": "^1.0.1",
                "@stablelib/chacha": "^1.0.1",
                "@stablelib/wipe": "^1.0.1"
            }
        },
        "node_modules/@stablelib/xchacha20poly1305": {
            "version": "1.0.1",
            "license": "MIT",
            "dependencies": {
                "@stablelib/aead": "^1.0.1",
                "@stablelib/chacha20poly1305": "^1.0.1",
                "@stablelib/constant-time": "^1.0.1",
                "@stablelib/wipe": "^1.0.1",
                "@stablelib/xchacha20": "^1.0.1"
            }
        },
        "node_modules/@swc/core": {
            "version": "1.3.100",
            "dev": true,
            "hasInstallScript": true,
            "license": "Apache-2.0",
            "dependencies": {
                "@swc/counter": "^0.1.1",
                "@swc/types": "^0.1.5"
            },
            "engines": {
                "node": ">=10"
            },
            "funding": {
                "type": "opencollective",
                "url": "https://opencollective.com/swc"
            },
            "optionalDependencies": {
                "@swc/core-darwin-arm64": "1.3.100",
                "@swc/core-darwin-x64": "1.3.100",
                "@swc/core-linux-arm64-gnu": "1.3.100",
                "@swc/core-linux-arm64-musl": "1.3.100",
                "@swc/core-linux-x64-gnu": "1.3.100",
                "@swc/core-linux-x64-musl": "1.3.100",
                "@swc/core-win32-arm64-msvc": "1.3.100",
                "@swc/core-win32-ia32-msvc": "1.3.100",
                "@swc/core-win32-x64-msvc": "1.3.100"
            },
            "peerDependencies": {
                "@swc/helpers": "^0.5.0"
            },
            "peerDependenciesMeta": {
                "@swc/helpers": {
                    "optional": true
                }
            }
        },
        "node_modules/@swc/core-darwin-arm64": {
            "version": "1.3.100",
            "cpu": [
                "arm64"
            ],
            "dev": true,
            "license": "Apache-2.0 AND MIT",
            "optional": true,
            "os": [
                "darwin"
            ],
            "engines": {
                "node": ">=10"
            }
        },
        "node_modules/@swc/counter": {
            "version": "0.1.2",
            "dev": true,
            "license": "Apache-2.0"
        },
        "node_modules/@swc/types": {
            "version": "0.1.5",
            "dev": true,
            "license": "Apache-2.0"
        },
        "node_modules/@tsconfig/node10": {
            "version": "1.0.9",
            "dev": true,
            "license": "MIT"
        },
        "node_modules/@tsconfig/node12": {
            "version": "1.0.11",
            "dev": true,
            "license": "MIT"
        },
        "node_modules/@tsconfig/node14": {
            "version": "1.0.3",
            "dev": true,
            "license": "MIT"
        },
        "node_modules/@tsconfig/node16": {
            "version": "1.0.4",
            "dev": true,
            "license": "MIT"
        },
        "node_modules/@types/bn.js": {
            "version": "5.1.5",
            "license": "MIT",
            "dependencies": {
                "@types/node": "*"
            }
        },
        "node_modules/@types/elliptic": {
            "version": "6.4.14",
            "license": "MIT",
            "dependencies": {
                "@types/bn.js": "*"
            }
        },
        "node_modules/@types/node": {
            "version": "20.10.4",
            "license": "MIT",
            "dependencies": {
                "undici-types": "~5.26.4"
            }
        },
        "node_modules/acorn": {
            "version": "8.11.2",
            "dev": true,
            "license": "MIT",
            "bin": {
                "acorn": "bin/acorn"
            },
            "engines": {
                "node": ">=0.4.0"
            }
        },
        "node_modules/acorn-walk": {
            "version": "8.3.1",
            "dev": true,
            "license": "MIT",
            "engines": {
                "node": ">=0.4.0"
            }
        },
        "node_modules/antlr4ts": {
            "version": "0.5.0-alpha.4",
            "license": "BSD-3-Clause"
        },
        "node_modules/arg": {
            "version": "4.1.3",
            "dev": true,
            "license": "MIT"
        },
        "node_modules/assert": {
            "version": "2.1.0",
            "license": "MIT",
            "dependencies": {
                "call-bind": "^1.0.2",
                "is-nan": "^1.3.2",
                "object-is": "^1.1.5",
                "object.assign": "^4.1.4",
                "util": "^0.12.5"
            }
        },
        "node_modules/asynckit": {
            "version": "0.4.0",
            "license": "MIT"
        },
        "node_modules/available-typed-arrays": {
            "version": "1.0.5",
            "license": "MIT",
            "engines": {
                "node": ">= 0.4"
            },
            "funding": {
                "url": "https://github.com/sponsors/ljharb"
            }
        },
        "node_modules/axios": {
            "version": "1.6.2",
            "license": "MIT",
            "dependencies": {
                "follow-redirects": "^1.15.0",
                "form-data": "^4.0.0",
                "proxy-from-env": "^1.1.0"
            }
        },
        "node_modules/base64-js": {
            "version": "1.5.1",
            "funding": [
                {
                    "type": "github",
                    "url": "https://github.com/sponsors/feross"
                },
                {
                    "type": "patreon",
                    "url": "https://www.patreon.com/feross"
                },
                {
                    "type": "consulting",
                    "url": "https://feross.org/support"
                }
            ],
            "license": "MIT"
        },
        "node_modules/bech32": {
            "version": "2.0.0",
            "license": "MIT"
        },
        "node_modules/bn.js": {
            "version": "5.2.1",
            "license": "MIT"
        },
        "node_modules/brorand": {
            "version": "1.1.0",
            "license": "MIT"
        },
        "node_modules/buffer": {
            "version": "6.0.3",
            "funding": [
                {
                    "type": "github",
                    "url": "https://github.com/sponsors/feross"
                },
                {
                    "type": "patreon",
                    "url": "https://www.patreon.com/feross"
                },
                {
                    "type": "consulting",
                    "url": "https://feross.org/support"
                }
            ],
            "license": "MIT",
            "dependencies": {
                "base64-js": "^1.3.1",
                "ieee754": "^1.2.1"
            }
        },
        "node_modules/buffer-equal-constant-time": {
            "version": "1.0.1",
            "license": "BSD-3-Clause"
        },
        "node_modules/call-bind": {
            "version": "1.0.5",
            "license": "MIT",
            "dependencies": {
                "function-bind": "^1.1.2",
                "get-intrinsic": "^1.2.1",
                "set-function-length": "^1.1.1"
            },
            "funding": {
                "url": "https://github.com/sponsors/ljharb"
            }
        },
        "node_modules/canonicalize": {
            "version": "2.0.0",
            "license": "Apache-2.0"
        },
        "node_modules/combined-stream": {
            "version": "1.0.8",
            "license": "MIT",
            "dependencies": {
                "delayed-stream": "~1.0.0"
            },
            "engines": {
                "node": ">= 0.8"
            }
        },
        "node_modules/create-require": {
            "version": "1.1.1",
            "dev": true,
            "license": "MIT"
        },
        "node_modules/define-data-property": {
            "version": "1.1.1",
            "license": "MIT",
            "dependencies": {
                "get-intrinsic": "^1.2.1",
                "gopd": "^1.0.1",
                "has-property-descriptors": "^1.0.0"
            },
            "engines": {
                "node": ">= 0.4"
            }
        },
        "node_modules/define-properties": {
            "version": "1.2.1",
            "license": "MIT",
            "dependencies": {
                "define-data-property": "^1.0.1",
                "has-property-descriptors": "^1.0.0",
                "object-keys": "^1.1.1"
            },
            "engines": {
                "node": ">= 0.4"
            },
            "funding": {
                "url": "https://github.com/sponsors/ljharb"
            }
        },
        "node_modules/delayed-stream": {
            "version": "1.0.0",
            "license": "MIT",
            "engines": {
                "node": ">=0.4.0"
            }
        },
        "node_modules/did-jwt": {
            "version": "6.11.6",
            "license": "Apache-2.0",
            "dependencies": {
                "@stablelib/ed25519": "^1.0.2",
                "@stablelib/random": "^1.0.1",
                "@stablelib/sha256": "^1.0.1",
                "@stablelib/x25519": "^1.0.2",
                "@stablelib/xchacha20poly1305": "^1.0.1",
                "bech32": "^2.0.0",
                "canonicalize": "^2.0.0",
                "did-resolver": "^4.0.0",
                "elliptic": "^6.5.4",
                "js-sha3": "^0.8.0",
                "multiformats": "^9.6.5",
                "uint8arrays": "^3.0.0"
            }
        },
        "node_modules/did-resolver": {
            "version": "4.1.0",
            "license": "Apache-2.0"
        },
        "node_modules/diff": {
            "version": "4.0.2",
            "dev": true,
            "license": "BSD-3-Clause",
            "engines": {
                "node": ">=0.3.1"
            }
        },
        "node_modules/ecdsa-sig-formatter": {
            "version": "1.0.11",
            "license": "Apache-2.0",
            "dependencies": {
                "safe-buffer": "^5.0.1"
            }
        },
        "node_modules/elliptic": {
            "version": "6.5.4",
            "license": "MIT",
            "dependencies": {
                "bn.js": "^4.11.9",
                "brorand": "^1.1.0",
                "hash.js": "^1.0.0",
                "hmac-drbg": "^1.0.1",
                "inherits": "^2.0.4",
                "minimalistic-assert": "^1.0.1",
                "minimalistic-crypto-utils": "^1.0.1"
            }
        },
        "node_modules/elliptic/node_modules/bn.js": {
            "version": "4.12.0",
            "license": "MIT"
        },
        "node_modules/esbuild": {
            "version": "0.18.20",
            "dev": true,
            "hasInstallScript": true,
            "license": "MIT",
            "bin": {
                "esbuild": "bin/esbuild"
            },
            "engines": {
                "node": ">=12"
            },
            "optionalDependencies": {
                "@esbuild/android-arm": "0.18.20",
                "@esbuild/android-arm64": "0.18.20",
                "@esbuild/android-x64": "0.18.20",
                "@esbuild/darwin-arm64": "0.18.20",
                "@esbuild/darwin-x64": "0.18.20",
                "@esbuild/freebsd-arm64": "0.18.20",
                "@esbuild/freebsd-x64": "0.18.20",
                "@esbuild/linux-arm": "0.18.20",
                "@esbuild/linux-arm64": "0.18.20",
                "@esbuild/linux-ia32": "0.18.20",
                "@esbuild/linux-loong64": "0.18.20",
                "@esbuild/linux-mips64el": "0.18.20",
                "@esbuild/linux-ppc64": "0.18.20",
                "@esbuild/linux-riscv64": "0.18.20",
                "@esbuild/linux-s390x": "0.18.20",
                "@esbuild/linux-x64": "0.18.20",
                "@esbuild/netbsd-x64": "0.18.20",
                "@esbuild/openbsd-x64": "0.18.20",
                "@esbuild/sunos-x64": "0.18.20",
                "@esbuild/win32-arm64": "0.18.20",
                "@esbuild/win32-ia32": "0.18.20",
                "@esbuild/win32-x64": "0.18.20"
            }
        },
        "node_modules/fake-indexeddb": {
            "version": "5.0.1",
            "license": "Apache-2.0",
            "engines": {
                "node": ">=18"
            }
        },
        "node_modules/follow-redirects": {
            "version": "1.15.3",
            "funding": [
                {
                    "type": "individual",
                    "url": "https://github.com/sponsors/RubenVerborgh"
                }
            ],
            "license": "MIT",
            "engines": {
                "node": ">=4.0"
            },
            "peerDependenciesMeta": {
                "debug": {
                    "optional": true
                }
            }
        },
        "node_modules/for-each": {
            "version": "0.3.3",
            "license": "MIT",
            "dependencies": {
                "is-callable": "^1.1.3"
            }
        },
        "node_modules/form-data": {
            "version": "4.0.0",
            "license": "MIT",
            "dependencies": {
                "asynckit": "^0.4.0",
                "combined-stream": "^1.0.8",
                "mime-types": "^2.1.12"
            },
            "engines": {
                "node": ">= 6"
            }
        },
        "node_modules/fsevents": {
            "version": "2.3.3",
            "dev": true,
            "license": "MIT",
            "optional": true,
            "os": [
                "darwin"
            ],
            "engines": {
                "node": "^8.16.0 || ^10.6.0 || >=11.0.0"
            }
        },
        "node_modules/function-bind": {
            "version": "1.1.2",
            "license": "MIT",
            "funding": {
                "url": "https://github.com/sponsors/ljharb"
            }
        },
        "node_modules/get-intrinsic": {
            "version": "1.2.2",
            "license": "MIT",
            "dependencies": {
                "function-bind": "^1.1.2",
                "has-proto": "^1.0.1",
                "has-symbols": "^1.0.3",
                "hasown": "^2.0.0"
            },
            "funding": {
                "url": "https://github.com/sponsors/ljharb"
            }
        },
        "node_modules/get-tsconfig": {
            "version": "4.7.2",
            "dev": true,
            "license": "MIT",
            "dependencies": {
                "resolve-pkg-maps": "^1.0.0"
            },
            "funding": {
                "url": "https://github.com/privatenumber/get-tsconfig?sponsor=1"
            }
        },
        "node_modules/google-protobuf": {
            "version": "3.21.2",
            "license": "(BSD-3-Clause AND Apache-2.0)"
        },
        "node_modules/gopd": {
            "version": "1.0.1",
            "license": "MIT",
            "dependencies": {
                "get-intrinsic": "^1.1.3"
            },
            "funding": {
                "url": "https://github.com/sponsors/ljharb"
            }
        },
        "node_modules/has-property-descriptors": {
            "version": "1.0.1",
            "license": "MIT",
            "dependencies": {
                "get-intrinsic": "^1.2.2"
            },
            "funding": {
                "url": "https://github.com/sponsors/ljharb"
            }
        },
        "node_modules/has-proto": {
            "version": "1.0.1",
            "license": "MIT",
            "engines": {
                "node": ">= 0.4"
            },
            "funding": {
                "url": "https://github.com/sponsors/ljharb"
            }
        },
        "node_modules/has-symbols": {
            "version": "1.0.3",
            "license": "MIT",
            "engines": {
                "node": ">= 0.4"
            },
            "funding": {
                "url": "https://github.com/sponsors/ljharb"
            }
        },
        "node_modules/has-tostringtag": {
            "version": "1.0.0",
            "license": "MIT",
            "dependencies": {
                "has-symbols": "^1.0.2"
            },
            "engines": {
                "node": ">= 0.4"
            },
            "funding": {
                "url": "https://github.com/sponsors/ljharb"
            }
        },
        "node_modules/hash.js": {
            "version": "1.1.7",
            "license": "MIT",
            "dependencies": {
                "inherits": "^2.0.3",
                "minimalistic-assert": "^1.0.1"
            }
        },
        "node_modules/hasown": {
            "version": "2.0.0",
            "license": "MIT",
            "dependencies": {
                "function-bind": "^1.1.2"
            },
            "engines": {
                "node": ">= 0.4"
            }
        },
        "node_modules/hmac-drbg": {
            "version": "1.0.1",
            "license": "MIT",
            "dependencies": {
                "hash.js": "^1.0.3",
                "minimalistic-assert": "^1.0.0",
                "minimalistic-crypto-utils": "^1.0.1"
            }
        },
        "node_modules/ieee754": {
            "version": "1.2.1",
            "funding": [
                {
                    "type": "github",
                    "url": "https://github.com/sponsors/feross"
                },
                {
                    "type": "patreon",
                    "url": "https://www.patreon.com/feross"
                },
                {
                    "type": "consulting",
                    "url": "https://feross.org/support"
                }
            ],
            "license": "BSD-3-Clause"
        },
        "node_modules/inherits": {
            "version": "2.0.4",
            "license": "ISC"
        },
        "node_modules/is-arguments": {
            "version": "1.1.1",
            "license": "MIT",
            "dependencies": {
                "call-bind": "^1.0.2",
                "has-tostringtag": "^1.0.0"
            },
            "engines": {
                "node": ">= 0.4"
            },
            "funding": {
                "url": "https://github.com/sponsors/ljharb"
            }
        },
        "node_modules/is-callable": {
            "version": "1.2.7",
            "license": "MIT",
            "engines": {
                "node": ">= 0.4"
            },
            "funding": {
                "url": "https://github.com/sponsors/ljharb"
            }
        },
        "node_modules/is-generator-function": {
            "version": "1.0.10",
            "license": "MIT",
            "dependencies": {
                "has-tostringtag": "^1.0.0"
            },
            "engines": {
                "node": ">= 0.4"
            },
            "funding": {
                "url": "https://github.com/sponsors/ljharb"
            }
        },
        "node_modules/is-nan": {
            "version": "1.3.2",
            "license": "MIT",
            "dependencies": {
                "call-bind": "^1.0.0",
                "define-properties": "^1.1.3"
            },
            "engines": {
                "node": ">= 0.4"
            },
            "funding": {
                "url": "https://github.com/sponsors/ljharb"
            }
        },
        "node_modules/is-typed-array": {
            "version": "1.1.12",
            "license": "MIT",
            "dependencies": {
                "which-typed-array": "^1.1.11"
            },
            "engines": {
                "node": ">= 0.4"
            },
            "funding": {
                "url": "https://github.com/sponsors/ljharb"
            }
        },
        "node_modules/jose": {
            "version": "4.15.4",
            "license": "MIT",
            "funding": {
                "url": "https://github.com/sponsors/panva"
            }
        },
        "node_modules/js-sha3": {
            "version": "0.8.0",
            "license": "MIT"
        },
        "node_modules/jsonwebtoken": {
            "version": "9.0.2",
            "license": "MIT",
            "dependencies": {
                "jws": "^3.2.2",
                "lodash.includes": "^4.3.0",
                "lodash.isboolean": "^3.0.3",
                "lodash.isinteger": "^4.0.4",
                "lodash.isnumber": "^3.0.3",
                "lodash.isplainobject": "^4.0.6",
                "lodash.isstring": "^4.0.1",
                "lodash.once": "^4.0.0",
                "ms": "^2.1.1",
                "semver": "^7.5.4"
            },
            "engines": {
                "node": ">=12",
                "npm": ">=6"
            }
        },
        "node_modules/jwa": {
            "version": "1.4.1",
            "license": "MIT",
            "dependencies": {
                "buffer-equal-constant-time": "1.0.1",
                "ecdsa-sig-formatter": "1.0.11",
                "safe-buffer": "^5.0.1"
            }
        },
        "node_modules/jws": {
            "version": "3.2.2",
            "license": "MIT",
            "dependencies": {
                "jwa": "^1.4.1",
                "safe-buffer": "^5.0.1"
            }
        },
        "node_modules/lodash.includes": {
            "version": "4.3.0",
            "license": "MIT"
        },
        "node_modules/lodash.isboolean": {
            "version": "3.0.3",
            "license": "MIT"
        },
        "node_modules/lodash.isinteger": {
            "version": "4.0.4",
            "license": "MIT"
        },
        "node_modules/lodash.isnumber": {
            "version": "3.0.3",
            "license": "MIT"
        },
        "node_modules/lodash.isplainobject": {
            "version": "4.0.6",
            "license": "MIT"
        },
        "node_modules/lodash.isstring": {
            "version": "4.0.1",
            "license": "MIT"
        },
        "node_modules/lodash.once": {
            "version": "4.1.1",
            "license": "MIT"
        },
        "node_modules/lru-cache": {
            "version": "6.0.0",
            "license": "ISC",
            "dependencies": {
                "yallist": "^4.0.0"
            },
            "engines": {
                "node": ">=10"
            }
        },
        "node_modules/make-error": {
            "version": "1.3.6",
            "dev": true,
            "license": "ISC"
        },
        "node_modules/mime-db": {
            "version": "1.52.0",
            "license": "MIT",
            "engines": {
                "node": ">= 0.6"
            }
        },
        "node_modules/mime-types": {
            "version": "2.1.35",
            "license": "MIT",
            "dependencies": {
                "mime-db": "1.52.0"
            },
            "engines": {
                "node": ">= 0.6"
            }
        },
        "node_modules/minimalistic-assert": {
            "version": "1.0.1",
            "license": "ISC"
        },
        "node_modules/minimalistic-crypto-utils": {
            "version": "1.0.1",
            "license": "MIT"
        },
        "node_modules/ms": {
            "version": "2.1.3",
            "license": "MIT"
        },
        "node_modules/multiformats": {
            "version": "9.9.0",
            "license": "(Apache-2.0 AND MIT)"
        },
        "node_modules/object-is": {
            "version": "1.1.5",
            "license": "MIT",
            "dependencies": {
                "call-bind": "^1.0.2",
                "define-properties": "^1.1.3"
            },
            "engines": {
                "node": ">= 0.4"
            },
            "funding": {
                "url": "https://github.com/sponsors/ljharb"
            }
        },
        "node_modules/object-keys": {
            "version": "1.1.1",
            "license": "MIT",
            "engines": {
                "node": ">= 0.4"
            }
        },
        "node_modules/object.assign": {
            "version": "4.1.5",
            "license": "MIT",
            "dependencies": {
                "call-bind": "^1.0.5",
                "define-properties": "^1.2.1",
                "has-symbols": "^1.0.3",
                "object-keys": "^1.1.1"
            },
            "engines": {
                "node": ">= 0.4"
            },
            "funding": {
                "url": "https://github.com/sponsors/ljharb"
            }
        },
        "node_modules/prettier": {
            "version": "3.1.0",
            "license": "MIT",
            "bin": {
                "prettier": "bin/prettier.cjs"
            },
            "engines": {
                "node": ">=14"
            },
            "funding": {
                "url": "https://github.com/prettier/prettier?sponsor=1"
            }
        },
        "node_modules/proxy-from-env": {
            "version": "1.1.0",
            "license": "MIT"
        },
        "node_modules/readable-stream": {
            "version": "3.6.2",
            "license": "MIT",
            "dependencies": {
                "inherits": "^2.0.3",
                "string_decoder": "^1.1.1",
                "util-deprecate": "^1.0.1"
            },
            "engines": {
                "node": ">= 6"
            }
        },
        "node_modules/resolve-pkg-maps": {
            "version": "1.0.0",
            "dev": true,
            "license": "MIT",
            "funding": {
                "url": "https://github.com/privatenumber/resolve-pkg-maps?sponsor=1"
            }
        },
        "node_modules/safe-buffer": {
            "version": "5.2.1",
            "funding": [
                {
                    "type": "github",
                    "url": "https://github.com/sponsors/feross"
                },
                {
                    "type": "patreon",
                    "url": "https://www.patreon.com/feross"
                },
                {
                    "type": "consulting",
                    "url": "https://feross.org/support"
                }
            ],
            "license": "MIT"
        },
        "node_modules/semver": {
            "version": "7.5.4",
            "license": "ISC",
            "dependencies": {
                "lru-cache": "^6.0.0"
            },
            "bin": {
                "semver": "bin/semver.js"
            },
            "engines": {
                "node": ">=10"
            }
        },
        "node_modules/set-function-length": {
            "version": "1.1.1",
            "license": "MIT",
            "dependencies": {
                "define-data-property": "^1.1.1",
                "get-intrinsic": "^1.2.1",
                "gopd": "^1.0.1",
                "has-property-descriptors": "^1.0.0"
            },
            "engines": {
                "node": ">= 0.4"
            }
        },
        "node_modules/stream-browserify": {
            "version": "3.0.0",
            "license": "MIT",
            "dependencies": {
                "inherits": "~2.0.4",
                "readable-stream": "^3.5.0"
            }
        },
        "node_modules/string_decoder": {
            "version": "1.3.0",
            "license": "MIT",
            "dependencies": {
                "safe-buffer": "~5.2.0"
            }
        },
        "node_modules/text-encoding": {
            "version": "0.7.0",
            "license": "(Unlicense OR Apache-2.0)"
        },
        "node_modules/ts-node": {
            "version": "10.9.2",
            "dev": true,
            "license": "MIT",
            "dependencies": {
                "@cspotcode/source-map-support": "^0.8.0",
                "@tsconfig/node10": "^1.0.7",
                "@tsconfig/node12": "^1.0.7",
                "@tsconfig/node14": "^1.0.0",
                "@tsconfig/node16": "^1.0.2",
                "acorn": "^8.4.1",
                "acorn-walk": "^8.1.1",
                "arg": "^4.1.0",
                "create-require": "^1.1.0",
                "diff": "^4.0.1",
                "make-error": "^1.1.1",
                "v8-compile-cache-lib": "^3.0.1",
                "yn": "3.1.1"
            },
            "bin": {
                "ts-node": "dist/bin.js",
                "ts-node-cwd": "dist/bin-cwd.js",
                "ts-node-esm": "dist/bin-esm.js",
                "ts-node-script": "dist/bin-script.js",
                "ts-node-transpile-only": "dist/bin-transpile.js",
                "ts-script": "dist/bin-script-deprecated.js"
            },
            "peerDependencies": {
                "@swc/core": ">=1.2.50",
                "@swc/wasm": ">=1.2.50",
                "@types/node": "*",
                "typescript": ">=2.7"
            },
            "peerDependenciesMeta": {
                "@swc/core": {
                    "optional": true
                },
                "@swc/wasm": {
                    "optional": true
                }
            }
        },
        "node_modules/tsx": {
            "version": "4.6.2",
            "dev": true,
            "license": "MIT",
            "dependencies": {
                "esbuild": "~0.18.20",
                "get-tsconfig": "^4.7.2"
            },
            "bin": {
                "tsx": "dist/cli.mjs"
            },
            "engines": {
                "node": ">=18.0.0"
            },
            "optionalDependencies": {
                "fsevents": "~2.3.3"
            }
        },
        "node_modules/typescript": {
            "version": "5.3.3",
            "dev": true,
            "license": "Apache-2.0",
            "bin": {
                "tsc": "bin/tsc",
                "tsserver": "bin/tsserver"
            },
            "engines": {
                "node": ">=14.17"
            }
        },
        "node_modules/uint8arrays": {
            "version": "3.1.1",
            "license": "MIT",
            "dependencies": {
                "multiformats": "^9.4.2"
            }
        },
        "node_modules/undici-types": {
            "version": "5.26.5",
            "license": "MIT"
        },
        "node_modules/util": {
            "version": "0.12.5",
            "license": "MIT",
            "dependencies": {
                "inherits": "^2.0.3",
                "is-arguments": "^1.0.4",
                "is-generator-function": "^1.0.7",
                "is-typed-array": "^1.1.3",
                "which-typed-array": "^1.1.2"
            }
        },
        "node_modules/util-deprecate": {
            "version": "1.0.2",
            "license": "MIT"
        },
        "node_modules/uuid": {
            "version": "9.0.1",
            "funding": [
                "https://github.com/sponsors/broofa",
                "https://github.com/sponsors/ctavan"
            ],
            "license": "MIT",
            "bin": {
                "uuid": "dist/bin/uuid"
            }
        },
        "node_modules/v8-compile-cache-lib": {
            "version": "3.0.1",
            "dev": true,
            "license": "MIT"
        },
        "node_modules/which-typed-array": {
            "version": "1.1.13",
            "license": "MIT",
            "dependencies": {
                "available-typed-arrays": "^1.0.5",
                "call-bind": "^1.0.4",
                "for-each": "^0.3.3",
                "gopd": "^1.0.1",
                "has-tostringtag": "^1.0.0"
            },
            "engines": {
                "node": ">= 0.4"
            },
            "funding": {
                "url": "https://github.com/sponsors/ljharb"
            }
        },
        "node_modules/yallist": {
            "version": "4.0.0",
            "license": "ISC"
        },
        "node_modules/yn": {
            "version": "3.1.1",
            "dev": true,
            "license": "MIT",
            "engines": {
                "node": ">=6"
            }
        }
    }
}
